
Microsoft Visual Studio Solution File, Format Version 12.00
# Visual Studio Version 17
VisualStudioVersion = 17.0.31903.59
MinimumVisualStudioVersion = 10.0.40219.1
Project("{2150E333-8FDC-42A3-9474-1A3956D46DE8}") = "src", "src", "{4B8FD2A6-367B-46A9-8592-A0BABB0318B6}"
EndProject
Project("{FAE04EC0-301F-11D3-BF4B-00C04F79EFBC}") = "Wsa.Gaas.ApiGateway", "src\ApiGateway\Wsa.Gaas.ApiGateway.csproj", "{B8587914-10A1-478E-8936-C95DD0C0E11C}"
EndProject
Global
	GlobalSection(SolutionConfigurationPlatforms) = preSolution
		Debug|Any CPU = Debug|Any CPU
		Release|Any CPU = Release|Any CPU
	EndGlobalSection
	GlobalSection(ProjectConfigurationPlatforms) = postSolution
		{B8587914-10A1-478E-8936-C95DD0C0E11C}.Debug|Any CPU.ActiveCfg = Debug|Any CPU
		{B8587914-10A1-478E-8936-C95DD0C0E11C}.Debug|Any CPU.Build.0 = Debug|Any CPU
		{B8587914-10A1-478E-8936-C95DD0C0E11C}.Release|Any CPU.ActiveCfg = Release|Any CPU
		{B8587914-10A1-478E-8936-C95DD0C0E11C}.Release|Any CPU.Build.0 = Release|Any CPU
	EndGlobalSection
	GlobalSection(SolutionProperties) = preSolution
		HideSolutionNode = FALSE
	EndGlobalSection
	GlobalSection(NestedProjects) = preSolution
		{B8587914-10A1-478E-8936-C95DD0C0E11C} = {4B8FD2A6-367B-46A9-8592-A0BABB0318B6}
	EndGlobalSection
EndGlobal
